# This file is automatically @generated by Cargo.
# It is not intended for manual editing.
version = 4

[[package]]
name = "ypbank-comparer"
version = "0.1.0"
dependencies = [
 "ypbank-parser",
]

[[package]]
name = "ypbank-converter"
version = "0.1.0"
dependencies = [
 "ypbank-parser",
]

[[package]]
name = "ypbank-parser"
version = "0.1.0"
